// !$*UTF8*$!
{
	archiveVersion = 1;
	classes = {
	};
	objectVersion = 50;
	objects = {

/* Begin PBXBuildFile section */
		BF102B7723F07F4400CAB6EA /* AppDelegate.swift in Sources */ = {isa = PBXBuildFile; fileRef = BF102B7623F07F4400CAB6EA /* AppDelegate.swift */; };
		BF102B7923F07F4400CAB6EA /* SceneDelegate.swift in Sources */ = {isa = PBXBuildFile; fileRef = BF102B7823F07F4400CAB6EA /* SceneDelegate.swift */; };
		BF102B7B23F07F4400CAB6EA /* ContentView.swift in Sources */ = {isa = PBXBuildFile; fileRef = BF102B7A23F07F4400CAB6EA /* ContentView.swift */; };
		BF102B7D23F07F4600CAB6EA /* Assets.xcassets in Resources */ = {isa = PBXBuildFile; fileRef = BF102B7C23F07F4600CAB6EA /* Assets.xcassets */; };
		BF102B8023F07F4600CAB6EA /* Preview Assets.xcassets in Resources */ = {isa = PBXBuildFile; fileRef = BF102B7F23F07F4600CAB6EA /* Preview Assets.xcassets */; };
		BF102B8323F07F4600CAB6EA /* LaunchScreen.storyboard in Resources */ = {isa = PBXBuildFile; fileRef = BF102B8123F07F4600CAB6EA /* LaunchScreen.storyboard */; };
		BF102B9323F07FA500CAB6EA /* AppDelegate.swift in Sources */ = {isa = PBXBuildFile; fileRef = BF102B9223F07FA500CAB6EA /* AppDelegate.swift */; };
		BF102B9523F07FA500CAB6EA /* ContentView.swift in Sources */ = {isa = PBXBuildFile; fileRef = BF102B9423F07FA500CAB6EA /* ContentView.swift */; };
		BF102B9723F07FAA00CAB6EA /* Assets.xcassets in Resources */ = {isa = PBXBuildFile; fileRef = BF102B9623F07FAA00CAB6EA /* Assets.xcassets */; };
		BF102B9A23F07FAA00CAB6EA /* Preview Assets.xcassets in Resources */ = {isa = PBXBuildFile; fileRef = BF102B9923F07FAA00CAB6EA /* Preview Assets.xcassets */; };
		BF102B9D23F07FAA00CAB6EA /* Main.storyboard in Resources */ = {isa = PBXBuildFile; fileRef = BF102B9B23F07FAA00CAB6EA /* Main.storyboard */; };
		BF102BAD23F0839400CAB6EA /* article.json in Resources */ = {isa = PBXBuildFile; fileRef = BF102BAC23F0839400CAB6EA /* article.json */; };
		BF102BAE23F0839400CAB6EA /* article.json in Resources */ = {isa = PBXBuildFile; fileRef = BF102BAC23F0839400CAB6EA /* article.json */; };
		BF102BB323F0857B00CAB6EA /* feed.json in Resources */ = {isa = PBXBuildFile; fileRef = BF102BB223F0857B00CAB6EA /* feed.json */; };
		BF102BB423F0857B00CAB6EA /* feed.json in Resources */ = {isa = PBXBuildFile; fileRef = BF102BB223F0857B00CAB6EA /* feed.json */; };
		BF102BB623F0859800CAB6EA /* QuindecimEntryListView.swift in Sources */ = {isa = PBXBuildFile; fileRef = BF102BB523F0859800CAB6EA /* QuindecimEntryListView.swift */; };
		BF102BB723F0859800CAB6EA /* QuindecimEntryListView.swift in Sources */ = {isa = PBXBuildFile; fileRef = BF102BB523F0859800CAB6EA /* QuindecimEntryListView.swift */; };
		BF102BC723F0945100CAB6EA /* QuindecimWPFeedEntry.swift in Sources */ = {isa = PBXBuildFile; fileRef = BF102BC623F0945100CAB6EA /* QuindecimWPFeedEntry.swift */; };
		BF102BC823F0945100CAB6EA /* QuindecimWPFeedEntry.swift in Sources */ = {isa = PBXBuildFile; fileRef = BF102BC623F0945100CAB6EA /* QuindecimWPFeedEntry.swift */; };
		BF102BCA23F094FA00CAB6EA /* QuindecimWPRenderedField.swift in Sources */ = {isa = PBXBuildFile; fileRef = BF102BC923F094FA00CAB6EA /* QuindecimWPRenderedField.swift */; };
		BF102BCB23F094FA00CAB6EA /* QuindecimWPRenderedField.swift in Sources */ = {isa = PBXBuildFile; fileRef = BF102BC923F094FA00CAB6EA /* QuindecimWPRenderedField.swift */; };
		BF102BCD23F0967900CAB6EA /* QuindecimWPArticle.swift in Sources */ = {isa = PBXBuildFile; fileRef = BF102BCC23F0967900CAB6EA /* QuindecimWPArticle.swift */; };
		BF102BCE23F0967900CAB6EA /* QuindecimWPArticle.swift in Sources */ = {isa = PBXBuildFile; fileRef = BF102BCC23F0967900CAB6EA /* QuindecimWPArticle.swift */; };
		BF102BD323F0982300CAB6EA /* QuindecimArticleView.swift in Sources */ = {isa = PBXBuildFile; fileRef = BF102BD223F0982300CAB6EA /* QuindecimArticleView.swift */; };
		BF102BD423F0982300CAB6EA /* QuindecimArticleView.swift in Sources */ = {isa = PBXBuildFile; fileRef = BF102BD223F0982300CAB6EA /* QuindecimArticleView.swift */; };
		BF102BD723F09C9800CAB6EA /* QuindecimFeed.swift in Sources */ = {isa = PBXBuildFile; fileRef = BF102BD623F09C9800CAB6EA /* QuindecimFeed.swift */; };
		BF102BD823F09C9800CAB6EA /* QuindecimFeed.swift in Sources */ = {isa = PBXBuildFile; fileRef = BF102BD623F09C9800CAB6EA /* QuindecimFeed.swift */; };
/* End PBXBuildFile section */

/* Begin PBXFileReference section */
		BF102B7323F07F4400CAB6EA /* Quindecim for iOS.app */ = {isa = PBXFileReference; explicitFileType = wrapper.application; includeInIndex = 0; path = "Quindecim for iOS.app"; sourceTree = BUILT_PRODUCTS_DIR; };
		BF102B7623F07F4400CAB6EA /* AppDelegate.swift */ = {isa = PBXFileReference; lastKnownFileType = sourcecode.swift; path = AppDelegate.swift; sourceTree = "<group>"; };
		BF102B7823F07F4400CAB6EA /* SceneDelegate.swift */ = {isa = PBXFileReference; lastKnownFileType = sourcecode.swift; path = SceneDelegate.swift; sourceTree = "<group>"; };
		BF102B7A23F07F4400CAB6EA /* ContentView.swift */ = {isa = PBXFileReference; lastKnownFileType = sourcecode.swift; path = ContentView.swift; sourceTree = "<group>"; };
		BF102B7C23F07F4600CAB6EA /* Assets.xcassets */ = {isa = PBXFileReference; lastKnownFileType = folder.assetcatalog; path = Assets.xcassets; sourceTree = "<group>"; };
		BF102B7F23F07F4600CAB6EA /* Preview Assets.xcassets */ = {isa = PBXFileReference; lastKnownFileType = folder.assetcatalog; path = "Preview Assets.xcassets"; sourceTree = "<group>"; };
		BF102B8223F07F4600CAB6EA /* Base */ = {isa = PBXFileReference; lastKnownFileType = file.storyboard; name = Base; path = Base.lproj/LaunchScreen.storyboard; sourceTree = "<group>"; };
		BF102B8423F07F4600CAB6EA /* Info.plist */ = {isa = PBXFileReference; lastKnownFileType = text.plist.xml; path = Info.plist; sourceTree = "<group>"; };
		BF102B9023F07FA500CAB6EA /* Quindecim for macOS.app */ = {isa = PBXFileReference; explicitFileType = wrapper.application; includeInIndex = 0; path = "Quindecim for macOS.app"; sourceTree = BUILT_PRODUCTS_DIR; };
		BF102B9223F07FA500CAB6EA /* AppDelegate.swift */ = {isa = PBXFileReference; lastKnownFileType = sourcecode.swift; path = AppDelegate.swift; sourceTree = "<group>"; };
		BF102B9423F07FA500CAB6EA /* ContentView.swift */ = {isa = PBXFileReference; lastKnownFileType = sourcecode.swift; path = ContentView.swift; sourceTree = "<group>"; };
		BF102B9623F07FAA00CAB6EA /* Assets.xcassets */ = {isa = PBXFileReference; lastKnownFileType = folder.assetcatalog; path = Assets.xcassets; sourceTree = "<group>"; };
		BF102B9923F07FAA00CAB6EA /* Preview Assets.xcassets */ = {isa = PBXFileReference; lastKnownFileType = folder.assetcatalog; path = "Preview Assets.xcassets"; sourceTree = "<group>"; };
		BF102B9C23F07FAA00CAB6EA /* Base */ = {isa = PBXFileReference; lastKnownFileType = file.storyboard; name = Base; path = Base.lproj/Main.storyboard; sourceTree = "<group>"; };
		BF102B9E23F07FAA00CAB6EA /* Info.plist */ = {isa = PBXFileReference; lastKnownFileType = text.plist.xml; path = Info.plist; sourceTree = "<group>"; };
		BF102B9F23F07FAA00CAB6EA /* Quindecim_for_macOS.entitlements */ = {isa = PBXFileReference; lastKnownFileType = text.plist.entitlements; path = Quindecim_for_macOS.entitlements; sourceTree = "<group>"; };
		BF102BAC23F0839400CAB6EA /* article.json */ = {isa = PBXFileReference; fileEncoding = 4; lastKnownFileType = text.json; path = article.json; sourceTree = "<group>"; };
		BF102BB223F0857B00CAB6EA /* feed.json */ = {isa = PBXFileReference; fileEncoding = 4; lastKnownFileType = text.json; path = feed.json; sourceTree = "<group>"; };
		BF102BB523F0859800CAB6EA /* QuindecimEntryListView.swift */ = {isa = PBXFileReference; lastKnownFileType = sourcecode.swift; path = QuindecimEntryListView.swift; sourceTree = "<group>"; };
		BF102BC623F0945100CAB6EA /* QuindecimWPFeedEntry.swift */ = {isa = PBXFileReference; lastKnownFileType = sourcecode.swift; path = QuindecimWPFeedEntry.swift; sourceTree = "<group>"; };
		BF102BC923F094FA00CAB6EA /* QuindecimWPRenderedField.swift */ = {isa = PBXFileReference; lastKnownFileType = sourcecode.swift; path = QuindecimWPRenderedField.swift; sourceTree = "<group>"; };
		BF102BCC23F0967900CAB6EA /* QuindecimWPArticle.swift */ = {isa = PBXFileReference; lastKnownFileType = sourcecode.swift; path = QuindecimWPArticle.swift; sourceTree = "<group>"; };
		BF102BD223F0982300CAB6EA /* QuindecimArticleView.swift */ = {isa = PBXFileReference; lastKnownFileType = sourcecode.swift; path = QuindecimArticleView.swift; sourceTree = "<group>"; };
		BF102BD623F09C9800CAB6EA /* QuindecimFeed.swift */ = {isa = PBXFileReference; lastKnownFileType = sourcecode.swift; path = QuindecimFeed.swift; sourceTree = "<group>"; };
/* End PBXFileReference section */

/* Begin PBXFrameworksBuildPhase section */
		BF102B7023F07F4400CAB6EA /* Frameworks */ = {
			isa = PBXFrameworksBuildPhase;
			buildActionMask = 2147483647;
			files = (
			);
			runOnlyForDeploymentPostprocessing = 0;
		};
		BF102B8D23F07FA500CAB6EA /* Frameworks */ = {
			isa = PBXFrameworksBuildPhase;
			buildActionMask = 2147483647;
			files = (
			);
			runOnlyForDeploymentPostprocessing = 0;
		};
/* End PBXFrameworksBuildPhase section */

/* Begin PBXGroup section */
		BF102B6A23F07F4400CAB6EA = {
			isa = PBXGroup;
			children = (
				BF102BA323F0803A00CAB6EA /* Quindecim Common */,
				BF102B7523F07F4400CAB6EA /* Quindecim */,
				BF102B9123F07FA500CAB6EA /* Quindecim for macOS */,
				BF102B7423F07F4400CAB6EA /* Products */,
				BF102BC223F0937700CAB6EA /* Frameworks */,
			);
			sourceTree = "<group>";
		};
		BF102B7423F07F4400CAB6EA /* Products */ = {
			isa = PBXGroup;
			children = (
				BF102B7323F07F4400CAB6EA /* Quindecim for iOS.app */,
				BF102B9023F07FA500CAB6EA /* Quindecim for macOS.app */,
			);
			name = Products;
			sourceTree = "<group>";
		};
		BF102B7523F07F4400CAB6EA /* Quindecim */ = {
			isa = PBXGroup;
			children = (
				BF102B8B23F07F6200CAB6EA /* Models */,
				BF102B8A23F07F5D00CAB6EA /* Views */,
				BF102B7623F07F4400CAB6EA /* AppDelegate.swift */,
				BF102B7823F07F4400CAB6EA /* SceneDelegate.swift */,
				BF102B7C23F07F4600CAB6EA /* Assets.xcassets */,
				BF102B8123F07F4600CAB6EA /* LaunchScreen.storyboard */,
				BF102B8423F07F4600CAB6EA /* Info.plist */,
				BF102B7E23F07F4600CAB6EA /* Preview Content */,
			);
			path = Quindecim;
			sourceTree = "<group>";
		};
		BF102B7E23F07F4600CAB6EA /* Preview Content */ = {
			isa = PBXGroup;
			children = (
				BF102B7F23F07F4600CAB6EA /* Preview Assets.xcassets */,
			);
			path = "Preview Content";
			sourceTree = "<group>";
		};
		BF102B8A23F07F5D00CAB6EA /* Views */ = {
			isa = PBXGroup;
			children = (
				BF102B7A23F07F4400CAB6EA /* ContentView.swift */,
			);
			path = Views;
			sourceTree = "<group>";
		};
		BF102B8B23F07F6200CAB6EA /* Models */ = {
			isa = PBXGroup;
			children = (
			);
			path = Models;
			sourceTree = "<group>";
		};
		BF102B9123F07FA500CAB6EA /* Quindecim for macOS */ = {
			isa = PBXGroup;
			children = (
				BF102BAA23F0809700CAB6EA /* Views */,
				BF102BA923F0808D00CAB6EA /* Models */,
				BF102B9223F07FA500CAB6EA /* AppDelegate.swift */,
				BF102B9623F07FAA00CAB6EA /* Assets.xcassets */,
				BF102B9B23F07FAA00CAB6EA /* Main.storyboard */,
				BF102B9E23F07FAA00CAB6EA /* Info.plist */,
				BF102B9F23F07FAA00CAB6EA /* Quindecim_for_macOS.entitlements */,
				BF102B9823F07FAA00CAB6EA /* Preview Content */,
			);
			path = "Quindecim for macOS";
			sourceTree = "<group>";
		};
		BF102B9823F07FAA00CAB6EA /* Preview Content */ = {
			isa = PBXGroup;
			children = (
				BF102B9923F07FAA00CAB6EA /* Preview Assets.xcassets */,
			);
			path = "Preview Content";
			sourceTree = "<group>";
		};
		BF102BA323F0803A00CAB6EA /* Quindecim Common */ = {
			isa = PBXGroup;
			children = (
				BF102BD523F09C8200CAB6EA /* Observables */,
				BF102BC523F0943D00CAB6EA /* Models */,
				BF102BAB23F0838900CAB6EA /* Test Data */,
				BF102BA523F0804F00CAB6EA /* Views */,
			);
			path = "Quindecim Common";
			sourceTree = "<group>";
		};
		BF102BA523F0804F00CAB6EA /* Views */ = {
			isa = PBXGroup;
			children = (
				BF102BB523F0859800CAB6EA /* QuindecimEntryListView.swift */,
			);
			path = Views;
			sourceTree = "<group>";
		};
		BF102BA923F0808D00CAB6EA /* Models */ = {
			isa = PBXGroup;
			children = (
			);
			path = Models;
			sourceTree = "<group>";
		};
		BF102BAA23F0809700CAB6EA /* Views */ = {
			isa = PBXGroup;
			children = (
				BF102B9423F07FA500CAB6EA /* ContentView.swift */,
				BF102BD223F0982300CAB6EA /* QuindecimArticleView.swift */,
			);
			path = Views;
			sourceTree = "<group>";
		};
		BF102BAB23F0838900CAB6EA /* Test Data */ = {
			isa = PBXGroup;
			children = (
				BF102BAC23F0839400CAB6EA /* article.json */,
				BF102BB223F0857B00CAB6EA /* feed.json */,
			);
			path = "Test Data";
			sourceTree = "<group>";
		};
		BF102BC223F0937700CAB6EA /* Frameworks */ = {
			isa = PBXGroup;
			children = (
			);
			name = Frameworks;
			sourceTree = "<group>";
		};
		BF102BC523F0943D00CAB6EA /* Models */ = {
			isa = PBXGroup;
			children = (
				BF102BC623F0945100CAB6EA /* QuindecimWPFeedEntry.swift */,
				BF102BC923F094FA00CAB6EA /* QuindecimWPRenderedField.swift */,
				BF102BCC23F0967900CAB6EA /* QuindecimWPArticle.swift */,
			);
			path = Models;
			sourceTree = "<group>";
		};
		BF102BD523F09C8200CAB6EA /* Observables */ = {
			isa = PBXGroup;
			children = (
				BF102BD623F09C9800CAB6EA /* QuindecimFeed.swift */,
			);
			path = Observables;
			sourceTree = "<group>";
		};
/* End PBXGroup section */

/* Begin PBXNativeTarget section */
		BF102B7223F07F4400CAB6EA /* Quindecim */ = {
			isa = PBXNativeTarget;
			buildConfigurationList = BF102B8723F07F4600CAB6EA /* Build configuration list for PBXNativeTarget "Quindecim" */;
			buildPhases = (
				BF102B6F23F07F4400CAB6EA /* Sources */,
				BF102B7023F07F4400CAB6EA /* Frameworks */,
				BF102B7123F07F4400CAB6EA /* Resources */,
			);
			buildRules = (
			);
			dependencies = (
			);
			name = Quindecim;
			packageProductDependencies = (
			);
			productName = Quindecim;
			productReference = BF102B7323F07F4400CAB6EA /* Quindecim for iOS.app */;
			productType = "com.apple.product-type.application";
		};
		BF102B8F23F07FA500CAB6EA /* Quindecim for macOS */ = {
			isa = PBXNativeTarget;
			buildConfigurationList = BF102BA023F07FAA00CAB6EA /* Build configuration list for PBXNativeTarget "Quindecim for macOS" */;
			buildPhases = (
				BF102B8C23F07FA500CAB6EA /* Sources */,
				BF102B8D23F07FA500CAB6EA /* Frameworks */,
				BF102B8E23F07FA500CAB6EA /* Resources */,
			);
			buildRules = (
			);
			dependencies = (
			);
			name = "Quindecim for macOS";
			packageProductDependencies = (
			);
			productName = "Quindecim for macOS";
			productReference = BF102B9023F07FA500CAB6EA /* Quindecim for macOS.app */;
			productType = "com.apple.product-type.application";
		};
/* End PBXNativeTarget section */

/* Begin PBXProject section */
		BF102B6B23F07F4400CAB6EA /* Project object */ = {
			isa = PBXProject;
			attributes = {
				LastSwiftUpdateCheck = 1130;
				LastUpgradeCheck = 1130;
				ORGANIZATIONNAME = "Marquis Kurt";
				TargetAttributes = {
					BF102B7223F07F4400CAB6EA = {
						CreatedOnToolsVersion = 11.3.1;
					};
					BF102B8F23F07FA500CAB6EA = {
						CreatedOnToolsVersion = 11.3.1;
					};
				};
			};
			buildConfigurationList = BF102B6E23F07F4400CAB6EA /* Build configuration list for PBXProject "Quindecim" */;
			compatibilityVersion = "Xcode 9.3";
			developmentRegion = en;
			hasScannedForEncodings = 0;
			knownRegions = (
				en,
				Base,
			);
			mainGroup = BF102B6A23F07F4400CAB6EA;
			packageReferences = (
			);
			productRefGroup = BF102B7423F07F4400CAB6EA /* Products */;
			projectDirPath = "";
			projectRoot = "";
			targets = (
				BF102B7223F07F4400CAB6EA /* Quindecim */,
				BF102B8F23F07FA500CAB6EA /* Quindecim for macOS */,
			);
		};
/* End PBXProject section */

/* Begin PBXResourcesBuildPhase section */
		BF102B7123F07F4400CAB6EA /* Resources */ = {
			isa = PBXResourcesBuildPhase;
			buildActionMask = 2147483647;
			files = (
				BF102BAD23F0839400CAB6EA /* article.json in Resources */,
				BF102B8323F07F4600CAB6EA /* LaunchScreen.storyboard in Resources */,
				BF102BB323F0857B00CAB6EA /* feed.json in Resources */,
				BF102B8023F07F4600CAB6EA /* Preview Assets.xcassets in Resources */,
				BF102B7D23F07F4600CAB6EA /* Assets.xcassets in Resources */,
			);
			runOnlyForDeploymentPostprocessing = 0;
		};
		BF102B8E23F07FA500CAB6EA /* Resources */ = {
			isa = PBXResourcesBuildPhase;
			buildActionMask = 2147483647;
			files = (
				BF102BAE23F0839400CAB6EA /* article.json in Resources */,
				BF102B9D23F07FAA00CAB6EA /* Main.storyboard in Resources */,
				BF102BB423F0857B00CAB6EA /* feed.json in Resources */,
				BF102B9A23F07FAA00CAB6EA /* Preview Assets.xcassets in Resources */,
				BF102B9723F07FAA00CAB6EA /* Assets.xcassets in Resources */,
			);
			runOnlyForDeploymentPostprocessing = 0;
		};
/* End PBXResourcesBuildPhase section */

/* Begin PBXSourcesBuildPhase section */
		BF102B6F23F07F4400CAB6EA /* Sources */ = {
			isa = PBXSourcesBuildPhase;
			buildActionMask = 2147483647;
			files = (
				BF102B7723F07F4400CAB6EA /* AppDelegate.swift in Sources */,
				BF102BB623F0859800CAB6EA /* QuindecimEntryListView.swift in Sources */,
				BF102BD723F09C9800CAB6EA /* QuindecimFeed.swift in Sources */,
				BF102B7923F07F4400CAB6EA /* SceneDelegate.swift in Sources */,
				BF102BD323F0982300CAB6EA /* QuindecimArticleView.swift in Sources */,
				BF102BCD23F0967900CAB6EA /* QuindecimWPArticle.swift in Sources */,
				BF102B7B23F07F4400CAB6EA /* ContentView.swift in Sources */,
				BF102BCA23F094FA00CAB6EA /* QuindecimWPRenderedField.swift in Sources */,
				BF102BC723F0945100CAB6EA /* QuindecimWPFeedEntry.swift in Sources */,
			);
			runOnlyForDeploymentPostprocessing = 0;
		};
		BF102B8C23F07FA500CAB6EA /* Sources */ = {
			isa = PBXSourcesBuildPhase;
			buildActionMask = 2147483647;
			files = (
				BF102BC823F0945100CAB6EA /* QuindecimWPFeedEntry.swift in Sources */,
				BF102BD823F09C9800CAB6EA /* QuindecimFeed.swift in Sources */,
				BF102BCB23F094FA00CAB6EA /* QuindecimWPRenderedField.swift in Sources */,
				BF102BD423F0982300CAB6EA /* QuindecimArticleView.swift in Sources */,
				BF102B9523F07FA500CAB6EA /* ContentView.swift in Sources */,
				BF102BCE23F0967900CAB6EA /* QuindecimWPArticle.swift in Sources */,
				BF102B9323F07FA500CAB6EA /* AppDelegate.swift in Sources */,
				BF102BB723F0859800CAB6EA /* QuindecimEntryListView.swift in Sources */,
			);
			runOnlyForDeploymentPostprocessing = 0;
		};
/* End PBXSourcesBuildPhase section */

/* Begin PBXVariantGroup section */
		BF102B8123F07F4600CAB6EA /* LaunchScreen.storyboard */ = {
			isa = PBXVariantGroup;
			children = (
				BF102B8223F07F4600CAB6EA /* Base */,
			);
			name = LaunchScreen.storyboard;
			sourceTree = "<group>";
		};
		BF102B9B23F07FAA00CAB6EA /* Main.storyboard */ = {
			isa = PBXVariantGroup;
			children = (
				BF102B9C23F07FAA00CAB6EA /* Base */,
			);
			name = Main.storyboard;
			sourceTree = "<group>";
		};
/* End PBXVariantGroup section */

/* Begin XCBuildConfiguration section */
		BF102B8523F07F4600CAB6EA /* Debug */ = {
			isa = XCBuildConfiguration;
			buildSettings = {
				ALWAYS_SEARCH_USER_PATHS = NO;
				CLANG_ANALYZER_NONNULL = YES;
				CLANG_ANALYZER_NUMBER_OBJECT_CONVERSION = YES_AGGRESSIVE;
				CLANG_CXX_LANGUAGE_STANDARD = "gnu++14";
				CLANG_CXX_LIBRARY = "libc++";
				CLANG_ENABLE_MODULES = YES;
				CLANG_ENABLE_OBJC_ARC = YES;
				CLANG_ENABLE_OBJC_WEAK = YES;
				CLANG_WARN_BLOCK_CAPTURE_AUTORELEASING = YES;
				CLANG_WARN_BOOL_CONVERSION = YES;
				CLANG_WARN_COMMA = YES;
				CLANG_WARN_CONSTANT_CONVERSION = YES;
				CLANG_WARN_DEPRECATED_OBJC_IMPLEMENTATIONS = YES;
				CLANG_WARN_DIRECT_OBJC_ISA_USAGE = YES_ERROR;
				CLANG_WARN_DOCUMENTATION_COMMENTS = YES;
				CLANG_WARN_EMPTY_BODY = YES;
				CLANG_WARN_ENUM_CONVERSION = YES;
				CLANG_WARN_INFINITE_RECURSION = YES;
				CLANG_WARN_INT_CONVERSION = YES;
				CLANG_WARN_NON_LITERAL_NULL_CONVERSION = YES;
				CLANG_WARN_OBJC_IMPLICIT_RETAIN_SELF = YES;
				CLANG_WARN_OBJC_LITERAL_CONVERSION = YES;
				CLANG_WARN_OBJC_ROOT_CLASS = YES_ERROR;
				CLANG_WARN_RANGE_LOOP_ANALYSIS = YES;
				CLANG_WARN_STRICT_PROTOTYPES = YES;
				CLANG_WARN_SUSPICIOUS_MOVE = YES;
				CLANG_WARN_UNGUARDED_AVAILABILITY = YES_AGGRESSIVE;
				CLANG_WARN_UNREACHABLE_CODE = YES;
				CLANG_WARN__DUPLICATE_METHOD_MATCH = YES;
				COPY_PHASE_STRIP = NO;
				DEBUG_INFORMATION_FORMAT = dwarf;
				ENABLE_STRICT_OBJC_MSGSEND = YES;
				ENABLE_TESTABILITY = YES;
				GCC_C_LANGUAGE_STANDARD = gnu11;
				GCC_DYNAMIC_NO_PIC = NO;
				GCC_NO_COMMON_BLOCKS = YES;
				GCC_OPTIMIZATION_LEVEL = 0;
				GCC_PREPROCESSOR_DEFINITIONS = (
					"DEBUG=1",
					"$(inherited)",
				);
				GCC_WARN_64_TO_32_BIT_CONVERSION = YES;
				GCC_WARN_ABOUT_RETURN_TYPE = YES_ERROR;
				GCC_WARN_UNDECLARED_SELECTOR = YES;
				GCC_WARN_UNINITIALIZED_AUTOS = YES_AGGRESSIVE;
				GCC_WARN_UNUSED_FUNCTION = YES;
				GCC_WARN_UNUSED_VARIABLE = YES;
				IPHONEOS_DEPLOYMENT_TARGET = 13.2;
				MACOSX_DEPLOYMENT_TARGET = 10.15;
				MTL_ENABLE_DEBUG_INFO = INCLUDE_SOURCE;
				MTL_FAST_MATH = YES;
				ONLY_ACTIVE_ARCH = YES;
				SDKROOT = iphoneos;
				SWIFT_ACTIVE_COMPILATION_CONDITIONS = DEBUG;
				SWIFT_OPTIMIZATION_LEVEL = "-Onone";
			};
			name = Debug;
		};
		BF102B8623F07F4600CAB6EA /* Release */ = {
			isa = XCBuildConfiguration;
			buildSettings = {
				ALWAYS_SEARCH_USER_PATHS = NO;
				CLANG_ANALYZER_NONNULL = YES;
				CLANG_ANALYZER_NUMBER_OBJECT_CONVERSION = YES_AGGRESSIVE;
				CLANG_CXX_LANGUAGE_STANDARD = "gnu++14";
				CLANG_CXX_LIBRARY = "libc++";
				CLANG_ENABLE_MODULES = YES;
				CLANG_ENABLE_OBJC_ARC = YES;
				CLANG_ENABLE_OBJC_WEAK = YES;
				CLANG_WARN_BLOCK_CAPTURE_AUTORELEASING = YES;
				CLANG_WARN_BOOL_CONVERSION = YES;
				CLANG_WARN_COMMA = YES;
				CLANG_WARN_CONSTANT_CONVERSION = YES;
				CLANG_WARN_DEPRECATED_OBJC_IMPLEMENTATIONS = YES;
				CLANG_WARN_DIRECT_OBJC_ISA_USAGE = YES_ERROR;
				CLANG_WARN_DOCUMENTATION_COMMENTS = YES;
				CLANG_WARN_EMPTY_BODY = YES;
				CLANG_WARN_ENUM_CONVERSION = YES;
				CLANG_WARN_INFINITE_RECURSION = YES;
				CLANG_WARN_INT_CONVERSION = YES;
				CLANG_WARN_NON_LITERAL_NULL_CONVERSION = YES;
				CLANG_WARN_OBJC_IMPLICIT_RETAIN_SELF = YES;
				CLANG_WARN_OBJC_LITERAL_CONVERSION = YES;
				CLANG_WARN_OBJC_ROOT_CLASS = YES_ERROR;
				CLANG_WARN_RANGE_LOOP_ANALYSIS = YES;
				CLANG_WARN_STRICT_PROTOTYPES = YES;
				CLANG_WARN_SUSPICIOUS_MOVE = YES;
				CLANG_WARN_UNGUARDED_AVAILABILITY = YES_AGGRESSIVE;
				CLANG_WARN_UNREACHABLE_CODE = YES;
				CLANG_WARN__DUPLICATE_METHOD_MATCH = YES;
				COPY_PHASE_STRIP = NO;
				DEBUG_INFORMATION_FORMAT = "dwarf-with-dsym";
				ENABLE_NS_ASSERTIONS = NO;
				ENABLE_STRICT_OBJC_MSGSEND = YES;
				GCC_C_LANGUAGE_STANDARD = gnu11;
				GCC_NO_COMMON_BLOCKS = YES;
				GCC_WARN_64_TO_32_BIT_CONVERSION = YES;
				GCC_WARN_ABOUT_RETURN_TYPE = YES_ERROR;
				GCC_WARN_UNDECLARED_SELECTOR = YES;
				GCC_WARN_UNINITIALIZED_AUTOS = YES_AGGRESSIVE;
				GCC_WARN_UNUSED_FUNCTION = YES;
				GCC_WARN_UNUSED_VARIABLE = YES;
				IPHONEOS_DEPLOYMENT_TARGET = 13.2;
				MACOSX_DEPLOYMENT_TARGET = 10.15;
				MTL_ENABLE_DEBUG_INFO = NO;
				MTL_FAST_MATH = YES;
				SDKROOT = iphoneos;
				SWIFT_COMPILATION_MODE = wholemodule;
				SWIFT_OPTIMIZATION_LEVEL = "-O";
				VALIDATE_PRODUCT = YES;
			};
			name = Release;
		};
		BF102B8823F07F4600CAB6EA /* Debug */ = {
			isa = XCBuildConfiguration;
			buildSettings = {
				ASSETCATALOG_COMPILER_APPICON_NAME = AppIcon;
				CODE_SIGN_STYLE = Automatic;
				DEVELOPMENT_ASSET_PATHS = "\"Quindecim/Preview Content\"";
				DEVELOPMENT_TEAM = FQQXSP79X3;
				ENABLE_PREVIEWS = YES;
				INFOPLIST_FILE = Quindecim/Info.plist;
				LD_RUNPATH_SEARCH_PATHS = (
					"$(inherited)",
					"@executable_path/Frameworks",
				);
				PRODUCT_BUNDLE_IDENTIFIER = net.marquiskurt.Quindecim;
				PRODUCT_NAME = "Quindecim for iOS";
				SWIFT_VERSION = 5.0;
				TARGETED_DEVICE_FAMILY = "1,2";
			};
			name = Debug;
		};
		BF102B8923F07F4600CAB6EA /* Release */ = {
			isa = XCBuildConfiguration;
			buildSettings = {
				ASSETCATALOG_COMPILER_APPICON_NAME = AppIcon;
				CODE_SIGN_STYLE = Automatic;
				DEVELOPMENT_ASSET_PATHS = "\"Quindecim/Preview Content\"";
				DEVELOPMENT_TEAM = FQQXSP79X3;
				ENABLE_PREVIEWS = YES;
				INFOPLIST_FILE = Quindecim/Info.plist;
				LD_RUNPATH_SEARCH_PATHS = (
					"$(inherited)",
					"@executable_path/Frameworks",
				);
				PRODUCT_BUNDLE_IDENTIFIER = net.marquiskurt.Quindecim;
				PRODUCT_NAME = "Quindecim for iOS";
				SWIFT_VERSION = 5.0;
				TARGETED_DEVICE_FAMILY = "1,2";
			};
			name = Release;
		};
		BF102BA123F07FAA00CAB6EA /* Debug */ = {
			isa = XCBuildConfiguration;
			buildSettings = {
				ASSETCATALOG_COMPILER_APPICON_NAME = AppIcon;
				CODE_SIGN_ENTITLEMENTS = "Quindecim for macOS/Quindecim_for_macOS.entitlements";
				CODE_SIGN_STYLE = Automatic;
				COMBINE_HIDPI_IMAGES = YES;
				DEVELOPMENT_ASSET_PATHS = "\"Quindecim for macOS/Preview Content\"";
				DEVELOPMENT_TEAM = FQQXSP79X3;
				ENABLE_HARDENED_RUNTIME = YES;
				ENABLE_PREVIEWS = YES;
				INFOPLIST_FILE = "Quindecim for macOS/Info.plist";
				LD_RUNPATH_SEARCH_PATHS = (
					"$(inherited)",
					"@executable_path/../Frameworks",
				);
				MACOSX_DEPLOYMENT_TARGET = 10.15;
				PRODUCT_BUNDLE_IDENTIFIER = "net.marquiskurt.Quindecim-Mac";
				PRODUCT_NAME = "$(TARGET_NAME)";
				SDKROOT = macosx;
				SWIFT_VERSION = 5.0;
			};
			name = Debug;
		};
		BF102BA223F07FAA00CAB6EA /* Release */ = {
			isa = XCBuildConfiguration;
			buildSettings = {
				ASSETCATALOG_COMPILER_APPICON_NAME = AppIcon;
				CODE_SIGN_ENTITLEMENTS = "Quindecim for macOS/Quindecim_for_macOS.entitlements";
				CODE_SIGN_STYLE = Automatic;
				COMBINE_HIDPI_IMAGES = YES;
				DEVELOPMENT_ASSET_PATHS = "\"Quindecim for macOS/Preview Content\"";
				DEVELOPMENT_TEAM = FQQXSP79X3;
				ENABLE_HARDENED_RUNTIME = YES;
				ENABLE_PREVIEWS = YES;
				INFOPLIST_FILE = "Quindecim for macOS/Info.plist";
				LD_RUNPATH_SEARCH_PATHS = (
					"$(inherited)",
					"@executable_path/../Frameworks",
				);
				MACOSX_DEPLOYMENT_TARGET = 10.15;
				PRODUCT_BUNDLE_IDENTIFIER = "net.marquiskurt.Quindecim-Mac";
				PRODUCT_NAME = "$(TARGET_NAME)";
				SDKROOT = macosx;
				SWIFT_VERSION = 5.0;
			};
			name = Release;
		};
/* End XCBuildConfiguration section */

/* Begin XCConfigurationList section */
		BF102B6E23F07F4400CAB6EA /* Build configuration list for PBXProject "Quindecim" */ = {
			isa = XCConfigurationList;
			buildConfigurations = (
				BF102B8523F07F4600CAB6EA /* Debug */,
				BF102B8623F07F4600CAB6EA /* Release */,
			);
			defaultConfigurationIsVisible = 0;
			defaultConfigurationName = Release;
		};
		BF102B8723F07F4600CAB6EA /* Build configuration list for PBXNativeTarget "Quindecim" */ = {
			isa = XCConfigurationList;
			buildConfigurations = (
				BF102B8823F07F4600CAB6EA /* Debug */,
				BF102B8923F07F4600CAB6EA /* Release */,
			);
			defaultConfigurationIsVisible = 0;
			defaultConfigurationName = Release;
		};
		BF102BA023F07FAA00CAB6EA /* Build configuration list for PBXNativeTarget "Quindecim for macOS" */ = {
			isa = XCConfigurationList;
			buildConfigurations = (
				BF102BA123F07FAA00CAB6EA /* Debug */,
				BF102BA223F07FAA00CAB6EA /* Release */,
			);
			defaultConfigurationIsVisible = 0;
			defaultConfigurationName = Release;
		};
/* End XCConfigurationList section */
	};
	rootObject = BF102B6B23F07F4400CAB6EA /* Project object */;
}
